{
  "name": "bpmn-engine",
  "version": "1.0.0",
  "lockfileVersion": 3,
  "requires": true,
  "packages": {
    "": {
      "name": "bpmn-engine",
      "version": "1.0.0",
      "dependencies": {
        "bpmn-auto-layout": "^1.3.0",
        "bpmn-moddle": "^9.0.1",
        "elkjs": "^0.11.1"
      }
    },
    "node_modules/bpmn-auto-layout": {
      "version": "1.3.0",
      "resolved": "https://registry.npmjs.org/bpmn-auto-layout/-/bpmn-auto-layout-1.3.0.tgz",
      "integrity": "sha512-ufjMy1MaaZxkQF7f2wY6EL6TnRMSFr/r9eBhp0QvS41UHXW77aQVt65+dn2MmVMlHdyvZyOMNYXO2qYpgX6bQA==",
      "license": "MIT",
      "workspaces": [
        "example"
      ],
      "dependencies": {
        "bpmn-moddle": "^10.0.0",
        "min-dash": "^5.0.0"
      },
      "engines": {
        "node": ">= 18"
      }
    },
    "node_modules/bpmn-auto-layout/node_modules/bpmn-moddle": {
      "version": "10.0.0",
      "resolved": "https://registry.npmjs.org/bpmn-moddle/-/bpmn-moddle-10.0.0.tgz",
      "integrity": "sha512-vXePD5jkatcILmM3zwJG/m6IIHIghTGB7WvgcdEraEw8E8VdJHrTgrvBUhbzqaXJpnsGQz15QS936xeBY6l9aA==",
      "license": "MIT",
      "dependencies": {
        "min-dash": "^5.0.0",
        "moddle": "^8.0.0",
        "moddle-xml": "^12.0.0"
      },
      "engines": {
        "node": ">= 20.12"
      }
    },
    "node_modules/bpmn-auto-layout/node_modules/moddle": {
      "version": "8.1.0",
      "resolved": "https://registry.npmjs.org/moddle/-/moddle-8.1.0.tgz",
      "integrity": "sha512-dBddc1CNuZHgro8nQWwfPZ2BkyLWdnxoNpPu9d+XKPN96DAiiBOeBw527ft++ebDuFez5PMdaR3pgUgoOaUGrA==",
      "license": "MIT",
      "dependencies": {
        "min-dash": "^5.0.0"
      }
    },
    "node_modules/bpmn-auto-layout/node_modules/moddle-xml": {
      "version": "12.0.0",
      "resolved": "https://registry.npmjs.org/moddle-xml/-/moddle-xml-12.0.0.tgz",
      "integrity": "sha512-NJc2+sCe4tvuGlaUBcoZcYf6j9f+z+qxHOyGm/LB3ZrlJXVPPHoBTg/KXgDRCufdBJhJ3AheFs3QU/abABNzRg==",
      "license": "MIT",
      "dependencies": {
        "min-dash": "^5.0.0",
        "saxen": "^11.0.2"
      },
      "engines": {
        "node": ">= 18"
      },
      "peerDependencies": {
        "moddle": ">= 6.2.0"
      }
    },
    "node_modules/bpmn-auto-layout/node_modules/saxen": {
      "version": "11.0.2",
      "resolved": "https://registry.npmjs.org/saxen/-/saxen-11.0.2.tgz",
      "integrity": "sha512-WDb4gqac8uiJzOdOdVpr9NWh9NrJMm7Brn5GX2Poj+mjE/QTXqYQENr8T/mom54dDDgbd3QjwTg23TRHYiWXRA==",
      "license": "MIT",
      "engines": {
        "node": ">= 20.12"
      }
    },
    "node_modules/bpmn-moddle": {
      "version": "9.0.4",
      "resolved": "https://registry.npmjs.org/bpmn-moddle/-/bpmn-moddle-9.0.4.tgz",
      "integrity": "sha512-dr5s3vtOG8NkVSwa8CC55XBIKKwajomSZRb0RiMOOOF6TpqZBZvtbDjpzWICvdd/plDF6uOtaRfSgblPQLAioQ==",
      "license": "MIT",
      "dependencies": {
        "min-dash": "^4.2.1",
        "moddle": "^7.0.0",
        "moddle-xml": "^11.0.0"
      },
      "engines": {
        "node": ">= 18"
      }
    },
    "node_modules/bpmn-moddle/node_modules/min-dash": {
      "version": "4.2.3",
      "resolved": "https://registry.npmjs.org/min-dash/-/min-dash-4.2.3.tgz",
      "integrity": "sha512-VLMYQI5+FcD9Ad24VcB08uA83B07OhueAlZ88jBK6PyupTvEJwllTMUqMy0wPGYs7pZUEtEEMWdHB63m3LtEcg==",
      "license": "MIT"
    },
    "node_modules/elkjs": {
      "version": "0.11.1",
      "resolved": "https://registry.npmjs.org/elkjs/-/elkjs-0.11.1.tgz",
      "integrity": "sha512-zxxR9k+rx5ktMwT/FwyLdPCrq7xN6e4VGGHH8hA01vVYKjTFik7nHOxBnAYtrgYUB1RpAiLvA1/U2YraWxyKKg==",
      "license": "EPL-2.0"
    },
    "node_modules/min-dash": {
      "version": "5.0.0",
      "resolved": "https://registry.npmjs.org/min-dash/-/min-dash-5.0.0.tgz",
      "integrity": "sha512-EGuoBnVL7/Fnv2sqakpX5WGmZehZ3YMmLayT7sM8E9DRU74kkeyMg4Rik1lsOkR2GbFNeBca4/L+UfU6gF0Edw==",
      "license": "MIT"
    },
    "node_modules/moddle": {
      "version": "7.2.0",
      "resolved": "https://registry.npmjs.org/moddle/-/moddle-7.2.0.tgz",
      "integrity": "sha512-x1+JREThy7JBOBR3g2hbOnOfrlC/YAWXX9RzrSZS5HhqeuBly9H/PCtOBtcQs+Y2sjRAXF+WTNSgHvn8Uq+6Yw==",
      "license": "MIT",
      "dependencies": {
        "min-dash": "^4.2.1"
      }
    },
    "node_modules/moddle-xml": {
      "version": "11.0.0",
      "resolved": "https://registry.npmjs.org/moddle-xml/-/moddle-xml-11.0.0.tgz",
      "integrity": "sha512-L3Sseepfcq9Uy0iIfqEDTXSoYLva1Y/JGbN/4AMOeQ6cqbu8Ma/SDJIdOFm7smsAa64j2z3SwCGG3FIilQVnUg==",
      "license": "MIT",
      "dependencies": {
        "min-dash": "^4.0.0",
        "saxen": "^10.0.0"
      },
      "engines": {
        "node": ">= 18"
      },
      "peerDependencies": {
        "moddle": ">= 6.2.0"
      }
    },
    "node_modules/moddle-xml/node_modules/min-dash": {
      "version": "4.2.3",
      "resolved": "https://registry.npmjs.org/min-dash/-/min-dash-4.2.3.tgz",
      "integrity": "sha512-VLMYQI5+FcD9Ad24VcB08uA83B07OhueAlZ88jBK6PyupTvEJwllTMUqMy0wPGYs7pZUEtEEMWdHB63m3LtEcg==",
      "license": "MIT"
    },
    "node_modules/moddle/node_modules/min-dash": {
      "version": "4.2.3",
      "resolved": "https://registry.npmjs.org/min-dash/-/min-dash-4.2.3.tgz",
      "integrity": "sha512-VLMYQI5+FcD9Ad24VcB08uA83B07OhueAlZ88jBK6PyupTvEJwllTMUqMy0wPGYs7pZUEtEEMWdHB63m3LtEcg==",
      "license": "MIT"
    },
    "node_modules/saxen": {
      "version": "10.0.0",
      "resolved": "https://registry.npmjs.org/saxen/-/saxen-10.0.0.tgz",
      "integrity": "sha512-RXsmWok/SAWqOG/f5ADEz51DN9WtZEzqih3e08ranldcaXekxjx8NBKjGh/y5hlowjo0JH/LekBu6gtPFD1G6g==",
      "license": "MIT",
      "engines": {
        "node": ">= 18"
      }
    }
  }
}
